{
  "name": "manta",
  "lockfileVersion": 3,
  "requires": true,
  "packages": {
    "": {
      "name": "manta",
      "hasInstallScript": true,
      "devDependencies": {
        "prettier": "^3.6.2",
        "turbo": "^2.11.7"
      },
      "engines": {
        "node": ">=20.19"
      }
    },
    "node_modules/@turbo/windows-64": {
      "version": "2.11.7",
      "cpu": [
        "x64"
      ],
      "dev": true,
      "license": "MIT",
      "optional": true,
      "os": [
        "win32"
      ]
    },
    "node_modules/prettier": {
      "version": "3.9.9",
      "dev": true,
      "license": "MIT",
      "bin": {
        "prettier": "bin/prettier.cjs"
      },
      "engines": {
        "node": ">=14"
      },
      "funding": {
        "url": "https://github.com/prettier/prettier?sponsor=1"
      }
    },
    "node_modules/turbo": {
      "version": "2.11.7",
      "dev": true,
      "license": "MIT",
      "bin": {
        "turbo": "bin/turbo"
      },
      "optionalDependencies": {
        "@turbo/darwin-64": "2.11.7",
        "@turbo/darwin-arm64": "2.11.7",
        "@turbo/linux-64": "2.11.7",
        "@turbo/linux-arm64": "2.11.7",
        "@turbo/windows-64": "2.11.7",
        "@turbo/windows-arm64": "2.11.7"
      }
    }
  }
}
